
Microsoft Visual Studio Solution File, Format Version 12.00
# Visual Studio Version 16
VisualStudioVersion = 16.0.32901.82
MinimumVisualStudioVersion = 10.0.40219.1
Project("{FAE04EC0-301F-11D3-BF4B-00C04F79EFBC}") = "ControlCrop", "ControlCrop.csproj", "{4689141F-D6E7-460A-A440-5FABE689A9EE}"
EndProject
Global
	GlobalSection(SolutionConfigurationPlatforms) = preSolution
		Debug|Any CPU = Debug|Any CPU
		Release|Any CPU = Release|Any CPU
	EndGlobalSection
	GlobalSection(ProjectConfigurationPlatforms) = postSolution
		{4689141F-D6E7-460A-A440-5FABE689A9EE}.Debug|Any CPU.ActiveCfg = Debug|Any CPU
		{4689141F-D6E7-460A-A440-5FABE689A9EE}.Debug|Any CPU.Build.0 = Debug|Any CPU
		{4689141F-D6E7-460A-A440-5FABE689A9EE}.Release|Any CPU.ActiveCfg = Release|Any CPU
		{4689141F-D6E7-460A-A440-5FABE689A9EE}.Release|Any CPU.Build.0 = Release|Any CPU
	EndGlobalSection
	GlobalSection(SolutionProperties) = preSolution
		HideSolutionNode = FALSE
	EndGlobalSection
	GlobalSection(ExtensibilityGlobals) = postSolution
		SolutionGuid = {E5F551A6-D7B8-47E1-AF6C-89F77125E9D0}
	EndGlobalSection
EndGlobal
